
Microsoft Visual Studio Solution File, Format Version 12.00
# Visual Studio Version 17
VisualStudioVersion = 17.10.34916.146
MinimumVisualStudioVersion = 10.0.40219.1
Project("{FAE04EC0-301F-11D3-BF4B-00C04F79EFBC}") = "Movie-CRUD", "Movie-CRUD.csproj", "{89B75F4E-8229-433B-A88F-7461AE0E8D15}"
EndProject
Global
	GlobalSection(SolutionConfigurationPlatforms) = preSolution
		Debug|Any CPU = Debug|Any CPU
		Release|Any CPU = Release|Any CPU
	EndGlobalSection
	GlobalSection(ProjectConfigurationPlatforms) = postSolution
		{89B75F4E-8229-433B-A88F-7461AE0E8D15}.Debug|Any CPU.ActiveCfg = Debug|Any CPU
		{89B75F4E-8229-433B-A88F-7461AE0E8D15}.Debug|Any CPU.Build.0 = Debug|Any CPU
		{89B75F4E-8229-433B-A88F-7461AE0E8D15}.Release|Any CPU.ActiveCfg = Release|Any CPU
		{89B75F4E-8229-433B-A88F-7461AE0E8D15}.Release|Any CPU.Build.0 = Release|Any CPU
	EndGlobalSection
	GlobalSection(SolutionProperties) = preSolution
		HideSolutionNode = FALSE
	EndGlobalSection
	GlobalSection(ExtensibilityGlobals) = postSolution
		SolutionGuid = {3566BB75-9603-4F15-A7EF-C83B2F1B5686}
	EndGlobalSection
EndGlobal
